
Microsoft Visual Studio Solution File, Format Version 12.00
# Visual Studio Version 16
VisualStudioVersion = 16.0.30309.148
MinimumVisualStudioVersion = 15.0.26124.0
Project("{9A19103F-16F7-4668-BE54-9A1E7A4F7556}") = "Herald.Web.Swagger", "Herald.Web.Swagger\Herald.Web.Swagger.csproj", "{B5972194-B764-450E-96C9-00122885AEE2}"
EndProject
Project("{9A19103F-16F7-4668-BE54-9A1E7A4F7556}") = "Herald.Web.Swagger.Tests", "Herald.Web.Swagger.Tests\Herald.Web.Swagger.Tests.csproj", "{3BD6850B-3A28-4E2D-A286-05E4B9B984F8}"
EndProject
Project("{2150E333-8FDC-42A3-9474-1A3956D46DE8}") = "Solution Items", "Solution Items", "{AF19C92C-EC0B-4D18-A8D6-D1033CA0E612}"
	ProjectSection(SolutionItems) = preProject
		.editorconfig = .editorconfig
	EndProjectSection
EndProject
Project("{FAE04EC0-301F-11D3-BF4B-00C04F79EFBC}") = "Herald.Web.Swagger.Tests.WebApiStub", "Herald.Web.Swagger.Tests.WebApiStub\Herald.Web.Swagger.Tests.WebApiStub.csproj", "{A9BC2026-B08B-4923-97D3-40F49E05BF8F}"
EndProject
Project("{2150E333-8FDC-42A3-9474-1A3956D46DE8}") = "Tests", "Tests", "{F754E163-1BA6-4BD1-B684-AF167079BFCE}"
EndProject
Global
	GlobalSection(SolutionConfigurationPlatforms) = preSolution
		Debug|Any CPU = Debug|Any CPU
		Debug|x64 = Debug|x64
		Debug|x86 = Debug|x86
		Release|Any CPU = Release|Any CPU
		Release|x64 = Release|x64
		Release|x86 = Release|x86
	EndGlobalSection
	GlobalSection(ProjectConfigurationPlatforms) = postSolution
		{B5972194-B764-450E-96C9-00122885AEE2}.Debug|Any CPU.ActiveCfg = Debug|Any CPU
		{B5972194-B764-450E-96C9-00122885AEE2}.Debug|Any CPU.Build.0 = Debug|Any CPU
		{B5972194-B764-450E-96C9-00122885AEE2}.Debug|x64.ActiveCfg = Debug|Any CPU
		{B5972194-B764-450E-96C9-00122885AEE2}.Debug|x64.Build.0 = Debug|Any CPU
		{B5972194-B764-450E-96C9-00122885AEE2}.Debug|x86.ActiveCfg = Debug|Any CPU
		{B5972194-B764-450E-96C9-00122885AEE2}.Debug|x86.Build.0 = Debug|Any CPU
		{B5972194-B764-450E-96C9-00122885AEE2}.Release|Any CPU.ActiveCfg = Release|Any CPU
		{B5972194-B764-450E-96C9-00122885AEE2}.Release|Any CPU.Build.0 = Release|Any CPU
		{B5972194-B764-450E-96C9-00122885AEE2}.Release|x64.ActiveCfg = Release|Any CPU
		{B5972194-B764-450E-96C9-00122885AEE2}.Release|x64.Build.0 = Release|Any CPU
		{B5972194-B764-450E-96C9-00122885AEE2}.Release|x86.ActiveCfg = Release|Any CPU
		{B5972194-B764-450E-96C9-00122885AEE2}.Release|x86.Build.0 = Release|Any CPU
		{3BD6850B-3A28-4E2D-A286-05E4B9B984F8}.Debug|Any CPU.ActiveCfg = Debug|Any CPU
		{3BD6850B-3A28-4E2D-A286-05E4B9B984F8}.Debug|Any CPU.Build.0 = Debug|Any CPU
		{3BD6850B-3A28-4E2D-A286-05E4B9B984F8}.Debug|x64.ActiveCfg = Debug|Any CPU
		{3BD6850B-3A28-4E2D-A286-05E4B9B984F8}.Debug|x64.Build.0 = Debug|Any CPU
		{3BD6850B-3A28-4E2D-A286-05E4B9B984F8}.Debug|x86.ActiveCfg = Debug|Any CPU
		{3BD6850B-3A28-4E2D-A286-05E4B9B984F8}.Debug|x86.Build.0 = Debug|Any CPU
		{3BD6850B-3A28-4E2D-A286-05E4B9B984F8}.Release|Any CPU.ActiveCfg = Release|Any CPU
		{3BD6850B-3A28-4E2D-A286-05E4B9B984F8}.Release|Any CPU.Build.0 = Release|Any CPU
		{3BD6850B-3A28-4E2D-A286-05E4B9B984F8}.Release|x64.ActiveCfg = Release|Any CPU
		{3BD6850B-3A28-4E2D-A286-05E4B9B984F8}.Release|x64.Build.0 = Release|Any CPU
		{3BD6850B-3A28-4E2D-A286-05E4B9B984F8}.Release|x86.ActiveCfg = Release|Any CPU
		{3BD6850B-3A28-4E2D-A286-05E4B9B984F8}.Release|x86.Build.0 = Release|Any CPU
		{A9BC2026-B08B-4923-97D3-40F49E05BF8F}.Debug|Any CPU.ActiveCfg = Debug|Any CPU
		{A9BC2026-B08B-4923-97D3-40F49E05BF8F}.Debug|Any CPU.Build.0 = Debug|Any CPU
		{A9BC2026-B08B-4923-97D3-40F49E05BF8F}.Debug|x64.ActiveCfg = Debug|Any CPU
		{A9BC2026-B08B-4923-97D3-40F49E05BF8F}.Debug|x64.Build.0 = Debug|Any CPU
		{A9BC2026-B08B-4923-97D3-40F49E05BF8F}.Debug|x86.ActiveCfg = Debug|Any CPU
		{A9BC2026-B08B-4923-97D3-40F49E05BF8F}.Debug|x86.Build.0 = Debug|Any CPU
		{A9BC2026-B08B-4923-97D3-40F49E05BF8F}.Release|Any CPU.ActiveCfg = Release|Any CPU
		{A9BC2026-B08B-4923-97D3-40F49E05BF8F}.Release|Any CPU.Build.0 = Release|Any CPU
		{A9BC2026-B08B-4923-97D3-40F49E05BF8F}.Release|x64.ActiveCfg = Release|Any CPU
		{A9BC2026-B08B-4923-97D3-40F49E05BF8F}.Release|x64.Build.0 = Release|Any CPU
		{A9BC2026-B08B-4923-97D3-40F49E05BF8F}.Release|x86.ActiveCfg = Release|Any CPU
		{A9BC2026-B08B-4923-97D3-40F49E05BF8F}.Release|x86.Build.0 = Release|Any CPU
	EndGlobalSection
	GlobalSection(SolutionProperties) = preSolution
		HideSolutionNode = FALSE
	EndGlobalSection
	GlobalSection(NestedProjects) = preSolution
		{3BD6850B-3A28-4E2D-A286-05E4B9B984F8} = {F754E163-1BA6-4BD1-B684-AF167079BFCE}
		{A9BC2026-B08B-4923-97D3-40F49E05BF8F} = {F754E163-1BA6-4BD1-B684-AF167079BFCE}
	EndGlobalSection
	GlobalSection(ExtensibilityGlobals) = postSolution
		SolutionGuid = {D494547D-D5A3-48D1-8827-277D4322AC46}
	EndGlobalSection
EndGlobal
